
Microsoft Visual Studio Solution File, Format Version 12.00
# Visual Studio Version 17
VisualStudioVersion = 17.0.31825.309
MinimumVisualStudioVersion = 10.0.40219.1
Project("{9A19103F-16F7-4668-BE54-9A1E7A4F7556}") = "Accountant", "Accountant\Accountant.csproj", "{A5439F6B-83C1-4078-9371-354A147FF554}"
EndProject
Project("{2150E333-8FDC-42A3-9474-1A3956D46DE8}") = "Solution Items", "Solution Items", "{89576D25-429A-4631-B7DB-DCC27AC2B1BD}"
	ProjectSection(SolutionItems) = preProject
		.editorconfig = .editorconfig
	EndProjectSection
EndProject
Project("{9A19103F-16F7-4668-BE54-9A1E7A4F7556}") = "Accountant.GameData", "Accountant.GameData\Accountant.GameData.csproj", "{BFDA9F23-F9D2-4343-8387-0FEB3A709781}"
EndProject
Project("{9A19103F-16F7-4668-BE54-9A1E7A4F7556}") = "OtterLoc", "OtterLoc\OtterLoc.csproj", "{BA1F97C4-58E9-4A9E-8AC1-72242422FA64}"
EndProject
Project("{9A19103F-16F7-4668-BE54-9A1E7A4F7556}") = "AddonWatcher", "AddonWatcher\AddonWatcher.csproj", "{B637FB2D-5CD6-4621-B8C1-155C4EA5CE31}"
EndProject
Global
	GlobalSection(SolutionConfigurationPlatforms) = preSolution
		Debug|x64 = Debug|x64
		Release|x64 = Release|x64
	EndGlobalSection
	GlobalSection(ProjectConfigurationPlatforms) = postSolution
		{A5439F6B-83C1-4078-9371-354A147FF554}.Debug|x64.ActiveCfg = Debug|x64
		{A5439F6B-83C1-4078-9371-354A147FF554}.Debug|x64.Build.0 = Debug|x64
		{A5439F6B-83C1-4078-9371-354A147FF554}.Release|x64.ActiveCfg = Release|x64
		{A5439F6B-83C1-4078-9371-354A147FF554}.Release|x64.Build.0 = Release|x64
		{BFDA9F23-F9D2-4343-8387-0FEB3A709781}.Debug|x64.ActiveCfg = Debug|x64
		{BFDA9F23-F9D2-4343-8387-0FEB3A709781}.Debug|x64.Build.0 = Debug|x64
		{BFDA9F23-F9D2-4343-8387-0FEB3A709781}.Release|x64.ActiveCfg = Release|x64
		{BFDA9F23-F9D2-4343-8387-0FEB3A709781}.Release|x64.Build.0 = Release|x64
		{BA1F97C4-58E9-4A9E-8AC1-72242422FA64}.Debug|x64.ActiveCfg = Debug|x64
		{BA1F97C4-58E9-4A9E-8AC1-72242422FA64}.Debug|x64.Build.0 = Debug|x64
		{BA1F97C4-58E9-4A9E-8AC1-72242422FA64}.Release|x64.ActiveCfg = Release|x64
		{BA1F97C4-58E9-4A9E-8AC1-72242422FA64}.Release|x64.Build.0 = Release|x64
		{B637FB2D-5CD6-4621-B8C1-155C4EA5CE31}.Debug|x64.ActiveCfg = Debug|x64
		{B637FB2D-5CD6-4621-B8C1-155C4EA5CE31}.Debug|x64.Build.0 = Debug|x64
		{B637FB2D-5CD6-4621-B8C1-155C4EA5CE31}.Release|x64.ActiveCfg = Release|x64
		{B637FB2D-5CD6-4621-B8C1-155C4EA5CE31}.Release|x64.Build.0 = Release|x64
	EndGlobalSection
	GlobalSection(SolutionProperties) = preSolution
		HideSolutionNode = FALSE
	EndGlobalSection
	GlobalSection(ExtensibilityGlobals) = postSolution
		SolutionGuid = {37674B88-2038-4C63-A979-84404391773A}
	EndGlobalSection
EndGlobal
